
Microsoft Visual Studio Solution File, Format Version 12.00
# Visual Studio Version 17
VisualStudioVersion = 17.1.32421.90
MinimumVisualStudioVersion = 10.0.40219.1
Project("{FAE04EC0-301F-11D3-BF4B-00C04F79EFBC}") = "VRChat-NameChecker", "VRChat-NameChecker.csproj", "{0EF3617C-C415-4980-BA8E-0C7A99DDD338}"
EndProject
Global
	GlobalSection(SolutionConfigurationPlatforms) = preSolution
		Debug|Any CPU = Debug|Any CPU
		Release|Any CPU = Release|Any CPU
	EndGlobalSection
	GlobalSection(ProjectConfigurationPlatforms) = postSolution
		{0EF3617C-C415-4980-BA8E-0C7A99DDD338}.Debug|Any CPU.ActiveCfg = Debug|Any CPU
		{0EF3617C-C415-4980-BA8E-0C7A99DDD338}.Debug|Any CPU.Build.0 = Debug|Any CPU
		{0EF3617C-C415-4980-BA8E-0C7A99DDD338}.Release|Any CPU.ActiveCfg = Release|Any CPU
		{0EF3617C-C415-4980-BA8E-0C7A99DDD338}.Release|Any CPU.Build.0 = Release|Any CPU
	EndGlobalSection
	GlobalSection(SolutionProperties) = preSolution
		HideSolutionNode = FALSE
	EndGlobalSection
	GlobalSection(ExtensibilityGlobals) = postSolution
		SolutionGuid = {0804DB96-2127-4438-92F1-541370663129}
	EndGlobalSection
EndGlobal
